// !$*UTF8*$!
{
	archiveVersion = 1;
	classes = {
	};
	objectVersion = 50;
	objects = {

/* Begin PBXBuildFile section */
		9493A76B267F697300B3ECE5 /* AppDelegate.swift in Sources */ = {isa = PBXBuildFile; fileRef = 9493A76A267F697200B3ECE5 /* AppDelegate.swift */; };
		9493A76D267F697300B3ECE5 /* SceneDelegate.swift in Sources */ = {isa = PBXBuildFile; fileRef = 9493A76C267F697300B3ECE5 /* SceneDelegate.swift */; };
		9493A76F267F697300B3ECE5 /* CalculateViewController.swift in Sources */ = {isa = PBXBuildFile; fileRef = 9493A76E267F697300B3ECE5 /* CalculateViewController.swift */; };
		9493A772267F697300B3ECE5 /* Main.storyboard in Resources */ = {isa = PBXBuildFile; fileRef = 9493A770267F697300B3ECE5 /* Main.storyboard */; };
		9493A774267F697300B3ECE5 /* Assets.xcassets in Resources */ = {isa = PBXBuildFile; fileRef = 9493A773267F697300B3ECE5 /* Assets.xcassets */; };
		9493A777267F697300B3ECE5 /* LaunchScreen.storyboard in Resources */ = {isa = PBXBuildFile; fileRef = 9493A775267F697300B3ECE5 /* LaunchScreen.storyboard */; };
		9493A782267F697300B3ECE5 /* BMI___BMR_CalculatorTests.swift in Sources */ = {isa = PBXBuildFile; fileRef = 9493A781267F697300B3ECE5 /* BMI___BMR_CalculatorTests.swift */; };
		9493A78D267F697300B3ECE5 /* BMI___BMR_CalculatorUITests.swift in Sources */ = {isa = PBXBuildFile; fileRef = 9493A78C267F697300B3ECE5 /* BMI___BMR_CalculatorUITests.swift */; };
		9493A79D267F69D400B3ECE5 /* CalculatorBrain.swift in Sources */ = {isa = PBXBuildFile; fileRef = 9493A79C267F69D400B3ECE5 /* CalculatorBrain.swift */; };
		9493A7A0267F6B9000B3ECE5 /* ResultViewController.swift in Sources */ = {isa = PBXBuildFile; fileRef = 9493A79F267F6B9000B3ECE5 /* ResultViewController.swift */; };
/* End PBXBuildFile section */

/* Begin PBXContainerItemProxy section */
		9493A77E267F697300B3ECE5 /* PBXContainerItemProxy */ = {
			isa = PBXContainerItemProxy;
			containerPortal = 9493A75F267F697200B3ECE5 /* Project object */;
			proxyType = 1;
			remoteGlobalIDString = 9493A766267F697200B3ECE5;
			remoteInfo = "BMI & BMR Calculator";
		};
		9493A789267F697300B3ECE5 /* PBXContainerItemProxy */ = {
			isa = PBXContainerItemProxy;
			containerPortal = 9493A75F267F697200B3ECE5 /* Project object */;
			proxyType = 1;
			remoteGlobalIDString = 9493A766267F697200B3ECE5;
			remoteInfo = "BMI & BMR Calculator";
		};
/* End PBXContainerItemProxy section */

/* Begin PBXFileReference section */
		9493A767267F697200B3ECE5 /* BMI & BMR Calculator.app */ = {isa = PBXFileReference; explicitFileType = wrapper.application; includeInIndex = 0; path = "BMI & BMR Calculator.app"; sourceTree = BUILT_PRODUCTS_DIR; };
		9493A76A267F697200B3ECE5 /* AppDelegate.swift */ = {isa = PBXFileReference; lastKnownFileType = sourcecode.swift; path = AppDelegate.swift; sourceTree = "<group>"; };
		9493A76C267F697300B3ECE5 /* SceneDelegate.swift */ = {isa = PBXFileReference; lastKnownFileType = sourcecode.swift; path = SceneDelegate.swift; sourceTree = "<group>"; };
		9493A76E267F697300B3ECE5 /* CalculateViewController.swift */ = {isa = PBXFileReference; lastKnownFileType = sourcecode.swift; path = CalculateViewController.swift; sourceTree = "<group>"; };
		9493A771267F697300B3ECE5 /* Base */ = {isa = PBXFileReference; lastKnownFileType = file.storyboard; name = Base; path = Base.lproj/Main.storyboard; sourceTree = "<group>"; };
		9493A773267F697300B3ECE5 /* Assets.xcassets */ = {isa = PBXFileReference; lastKnownFileType = folder.assetcatalog; path = Assets.xcassets; sourceTree = "<group>"; };
		9493A776267F697300B3ECE5 /* Base */ = {isa = PBXFileReference; lastKnownFileType = file.storyboard; name = Base; path = Base.lproj/LaunchScreen.storyboard; sourceTree = "<group>"; };
		9493A778267F697300B3ECE5 /* Info.plist */ = {isa = PBXFileReference; lastKnownFileType = text.plist.xml; path = Info.plist; sourceTree = "<group>"; };
		9493A77D267F697300B3ECE5 /* BMI & BMR CalculatorTests.xctest */ = {isa = PBXFileReference; explicitFileType = wrapper.cfbundle; includeInIndex = 0; path = "BMI & BMR CalculatorTests.xctest"; sourceTree = BUILT_PRODUCTS_DIR; };
		9493A781267F697300B3ECE5 /* BMI___BMR_CalculatorTests.swift */ = {isa = PBXFileReference; lastKnownFileType = sourcecode.swift; path = "BMI___BMR_CalculatorTests.swift"; sourceTree = "<group>"; };
		9493A783267F697300B3ECE5 /* Info.plist */ = {isa = PBXFileReference; lastKnownFileType = text.plist.xml; path = Info.plist; sourceTree = "<group>"; };
		9493A788267F697300B3ECE5 /* BMI & BMR CalculatorUITests.xctest */ = {isa = PBXFileReference; explicitFileType = wrapper.cfbundle; includeInIndex = 0; path = "BMI & BMR CalculatorUITests.xctest"; sourceTree = BUILT_PRODUCTS_DIR; };
		9493A78C267F697300B3ECE5 /* BMI___BMR_CalculatorUITests.swift */ = {isa = PBXFileReference; lastKnownFileType = sourcecode.swift; path = "BMI___BMR_CalculatorUITests.swift"; sourceTree = "<group>"; };
		9493A78E267F697300B3ECE5 /* Info.plist */ = {isa = PBXFileReference; lastKnownFileType = text.plist.xml; path = Info.plist; sourceTree = "<group>"; };
		9493A79C267F69D400B3ECE5 /* CalculatorBrain.swift */ = {isa = PBXFileReference; lastKnownFileType = sourcecode.swift; path = CalculatorBrain.swift; sourceTree = "<group>"; };
		9493A79F267F6B9000B3ECE5 /* ResultViewController.swift */ = {isa = PBXFileReference; lastKnownFileType = sourcecode.swift; path = ResultViewController.swift; sourceTree = "<group>"; };
/* End PBXFileReference section */

/* Begin PBXFrameworksBuildPhase section */
		9493A764267F697200B3ECE5 /* Frameworks */ = {
			isa = PBXFrameworksBuildPhase;
			buildActionMask = 2147483647;
			files = (
			);
			runOnlyForDeploymentPostprocessing = 0;
		};
		9493A77A267F697300B3ECE5 /* Frameworks */ = {
			isa = PBXFrameworksBuildPhase;
			buildActionMask = 2147483647;
			files = (
			);
			runOnlyForDeploymentPostprocessing = 0;
		};
		9493A785267F697300B3ECE5 /* Frameworks */ = {
			isa = PBXFrameworksBuildPhase;
			buildActionMask = 2147483647;
			files = (
			);
			runOnlyForDeploymentPostprocessing = 0;
		};
/* End PBXFrameworksBuildPhase section */

/* Begin PBXGroup section */
		9493A75E267F697200B3ECE5 = {
			isa = PBXGroup;
			children = (
				9493A769267F697200B3ECE5 /* BMI & BMR Calculator */,
				9493A780267F697300B3ECE5 /* BMI & BMR CalculatorTests */,
				9493A78B267F697300B3ECE5 /* BMI & BMR CalculatorUITests */,
				9493A768267F697200B3ECE5 /* Products */,
			);
			sourceTree = "<group>";
		};
		9493A768267F697200B3ECE5 /* Products */ = {
			isa = PBXGroup;
			children = (
				9493A767267F697200B3ECE5 /* BMI & BMR Calculator.app */,
				9493A77D267F697300B3ECE5 /* BMI & BMR CalculatorTests.xctest */,
				9493A788267F697300B3ECE5 /* BMI & BMR CalculatorUITests.xctest */,
			);
			name = Products;
			sourceTree = "<group>";
		};
		9493A769267F697200B3ECE5 /* BMI & BMR Calculator */ = {
			isa = PBXGroup;
			children = (
				9493A76A267F697200B3ECE5 /* AppDelegate.swift */,
				9493A76C267F697300B3ECE5 /* SceneDelegate.swift */,
				9493A773267F697300B3ECE5 /* Assets.xcassets */,
				9493A775267F697300B3ECE5 /* LaunchScreen.storyboard */,
				9493A778267F697300B3ECE5 /* Info.plist */,
				9493A79E267F69D800B3ECE5 /* Model */,
				9493A79A267F698C00B3ECE5 /* View */,
				9493A79B267F699200B3ECE5 /* Controller */,
			);
			path = "BMI & BMR Calculator";
			sourceTree = "<group>";
		};
		9493A780267F697300B3ECE5 /* BMI & BMR CalculatorTests */ = {
			isa = PBXGroup;
			children = (
				9493A781267F697300B3ECE5 /* BMI___BMR_CalculatorTests.swift */,
				9493A783267F697300B3ECE5 /* Info.plist */,
			);
			path = "BMI & BMR CalculatorTests";
			sourceTree = "<group>";
		};
		9493A78B267F697300B3ECE5 /* BMI & BMR CalculatorUITests */ = {
			isa = PBXGroup;
			children = (
				9493A78C267F697300B3ECE5 /* BMI___BMR_CalculatorUITests.swift */,
				9493A78E267F697300B3ECE5 /* Info.plist */,
			);
			path = "BMI & BMR CalculatorUITests";
			sourceTree = "<group>";
		};
		9493A79A267F698C00B3ECE5 /* View */ = {
			isa = PBXGroup;
			children = (
				9493A770267F697300B3ECE5 /* Main.storyboard */,
			);
			path = View;
			sourceTree = "<group>";
		};
		9493A79B267F699200B3ECE5 /* Controller */ = {
			isa = PBXGroup;
			children = (
				9493A76E267F697300B3ECE5 /* CalculateViewController.swift */,
				9493A79F267F6B9000B3ECE5 /* ResultViewController.swift */,
			);
			path = Controller;
			sourceTree = "<group>";
		};
		9493A79E267F69D800B3ECE5 /* Model */ = {
			isa = PBXGroup;
			children = (
				9493A79C267F69D400B3ECE5 /* CalculatorBrain.swift */,
			);
			path = Model;
			sourceTree = "<group>";
		};
/* End PBXGroup section */

/* Begin PBXNativeTarget section */
		9493A766267F697200B3ECE5 /* BMI & BMR Calculator */ = {
			isa = PBXNativeTarget;
			buildConfigurationList = 9493A791267F697300B3ECE5 /* Build configuration list for PBXNativeTarget "BMI & BMR Calculator" */;
			buildPhases = (
				9493A763267F697200B3ECE5 /* Sources */,
				9493A764267F697200B3ECE5 /* Frameworks */,
				9493A765267F697200B3ECE5 /* Resources */,
			);
			buildRules = (
			);
			dependencies = (
			);
			name = "BMI & BMR Calculator";
			productName = "BMI & BMR Calculator";
			productReference = 9493A767267F697200B3ECE5 /* BMI & BMR Calculator.app */;
			productType = "com.apple.product-type.application";
		};
		9493A77C267F697300B3ECE5 /* BMI & BMR CalculatorTests */ = {
			isa = PBXNativeTarget;
			buildConfigurationList = 9493A794267F697300B3ECE5 /* Build configuration list for PBXNativeTarget "BMI & BMR CalculatorTests" */;
			buildPhases = (
				9493A779267F697300B3ECE5 /* Sources */,
				9493A77A267F697300B3ECE5 /* Frameworks */,
				9493A77B267F697300B3ECE5 /* Resources */,
			);
			buildRules = (
			);
			dependencies = (
				9493A77F267F697300B3ECE5 /* PBXTargetDependency */,
			);
			name = "BMI & BMR CalculatorTests";
			productName = "BMI & BMR CalculatorTests";
			productReference = 9493A77D267F697300B3ECE5 /* BMI & BMR CalculatorTests.xctest */;
			productType = "com.apple.product-type.bundle.unit-test";
		};
		9493A787267F697300B3ECE5 /* BMI & BMR CalculatorUITests */ = {
			isa = PBXNativeTarget;
			buildConfigurationList = 9493A797267F697300B3ECE5 /* Build configuration list for PBXNativeTarget "BMI & BMR CalculatorUITests" */;
			buildPhases = (
				9493A784267F697300B3ECE5 /* Sources */,
				9493A785267F697300B3ECE5 /* Frameworks */,
				9493A786267F697300B3ECE5 /* Resources */,
			);
			buildRules = (
			);
			dependencies = (
				9493A78A267F697300B3ECE5 /* PBXTargetDependency */,
			);
			name = "BMI & BMR CalculatorUITests";
			productName = "BMI & BMR CalculatorUITests";
			productReference = 9493A788267F697300B3ECE5 /* BMI & BMR CalculatorUITests.xctest */;
			productType = "com.apple.product-type.bundle.ui-testing";
		};
/* End PBXNativeTarget section */

/* Begin PBXProject section */
		9493A75F267F697200B3ECE5 /* Project object */ = {
			isa = PBXProject;
			attributes = {
				LastSwiftUpdateCheck = 1250;
				LastUpgradeCheck = 1250;
				TargetAttributes = {
					9493A766267F697200B3ECE5 = {
						CreatedOnToolsVersion = 12.5;
					};
					9493A77C267F697300B3ECE5 = {
						CreatedOnToolsVersion = 12.5;
						TestTargetID = 9493A766267F697200B3ECE5;
					};
					9493A787267F697300B3ECE5 = {
						CreatedOnToolsVersion = 12.5;
						TestTargetID = 9493A766267F697200B3ECE5;
					};
				};
			};
			buildConfigurationList = 9493A762267F697200B3ECE5 /* Build configuration list for PBXProject "BMI & BMR Calculator" */;
			compatibilityVersion = "Xcode 9.3";
			developmentRegion = en;
			hasScannedForEncodings = 0;
			knownRegions = (
				en,
				Base,
			);
			mainGroup = 9493A75E267F697200B3ECE5;
			productRefGroup = 9493A768267F697200B3ECE5 /* Products */;
			projectDirPath = "";
			projectRoot = "";
			targets = (
				9493A766267F697200B3ECE5 /* BMI & BMR Calculator */,
				9493A77C267F697300B3ECE5 /* BMI & BMR CalculatorTests */,
				9493A787267F697300B3ECE5 /* BMI & BMR CalculatorUITests */,
			);
		};
/* End PBXProject section */

/* Begin PBXResourcesBuildPhase section */
		9493A765267F697200B3ECE5 /* Resources */ = {
			isa = PBXResourcesBuildPhase;
			buildActionMask = 2147483647;
			files = (
				9493A777267F697300B3ECE5 /* LaunchScreen.storyboard in Resources */,
				9493A774267F697300B3ECE5 /* Assets.xcassets in Resources */,
				9493A772267F697300B3ECE5 /* Main.storyboard in Resources */,
			);
			runOnlyForDeploymentPostprocessing = 0;
		};
		9493A77B267F697300B3ECE5 /* Resources */ = {
			isa = PBXResourcesBuildPhase;
			buildActionMask = 2147483647;
			files = (
			);
			runOnlyForDeploymentPostprocessing = 0;
		};
		9493A786267F697300B3ECE5 /* Resources */ = {
			isa = PBXResourcesBuildPhase;
			buildActionMask = 2147483647;
			files = (
			);
			runOnlyForDeploymentPostprocessing = 0;
		};
/* End PBXResourcesBuildPhase section */

/* Begin PBXSourcesBuildPhase section */
		9493A763267F697200B3ECE5 /* Sources */ = {
			isa = PBXSourcesBuildPhase;
			buildActionMask = 2147483647;
			files = (
				9493A7A0267F6B9000B3ECE5 /* ResultViewController.swift in Sources */,
				9493A76F267F697300B3ECE5 /* CalculateViewController.swift in Sources */,
				9493A76B267F697300B3ECE5 /* AppDelegate.swift in Sources */,
				9493A79D267F69D400B3ECE5 /* CalculatorBrain.swift in Sources */,
				9493A76D267F697300B3ECE5 /* SceneDelegate.swift in Sources */,
			);
			runOnlyForDeploymentPostprocessing = 0;
		};
		9493A779267F697300B3ECE5 /* Sources */ = {
			isa = PBXSourcesBuildPhase;
			buildActionMask = 2147483647;
			files = (
				9493A782267F697300B3ECE5 /* BMI___BMR_CalculatorTests.swift in Sources */,
			);
			runOnlyForDeploymentPostprocessing = 0;
		};
		9493A784267F697300B3ECE5 /* Sources */ = {
			isa = PBXSourcesBuildPhase;
			buildActionMask = 2147483647;
			files = (
				9493A78D267F697300B3ECE5 /* BMI___BMR_CalculatorUITests.swift in Sources */,
			);
			runOnlyForDeploymentPostprocessing = 0;
		};
/* End PBXSourcesBuildPhase section */

/* Begin PBXTargetDependency section */
		9493A77F267F697300B3ECE5 /* PBXTargetDependency */ = {
			isa = PBXTargetDependency;
			target = 9493A766267F697200B3ECE5 /* BMI & BMR Calculator */;
			targetProxy = 9493A77E267F697300B3ECE5 /* PBXContainerItemProxy */;
		};
		9493A78A267F697300B3ECE5 /* PBXTargetDependency */ = {
			isa = PBXTargetDependency;
			target = 9493A766267F697200B3ECE5 /* BMI & BMR Calculator */;
			targetProxy = 9493A789267F697300B3ECE5 /* PBXContainerItemProxy */;
		};
/* End PBXTargetDependency section */

/* Begin PBXVariantGroup section */
		9493A770267F697300B3ECE5 /* Main.storyboard */ = {
			isa = PBXVariantGroup;
			children = (
				9493A771267F697300B3ECE5 /* Base */,
			);
			name = Main.storyboard;
			sourceTree = "<group>";
		};
		9493A775267F697300B3ECE5 /* LaunchScreen.storyboard */ = {
			isa = PBXVariantGroup;
			children = (
				9493A776267F697300B3ECE5 /* Base */,
			);
			name = LaunchScreen.storyboard;
			sourceTree = "<group>";
		};
/* End PBXVariantGroup section */

/* Begin XCBuildConfiguration section */
		9493A78F267F697300B3ECE5 /* Debug */ = {
			isa = XCBuildConfiguration;
			buildSettings = {
				ALWAYS_SEARCH_USER_PATHS = NO;
				CLANG_ANALYZER_NONNULL = YES;
				CLANG_ANALYZER_NUMBER_OBJECT_CONVERSION = YES_AGGRESSIVE;
				CLANG_CXX_LANGUAGE_STANDARD = "gnu++14";
				CLANG_CXX_LIBRARY = "libc++";
				CLANG_ENABLE_MODULES = YES;
				CLANG_ENABLE_OBJC_ARC = YES;
				CLANG_ENABLE_OBJC_WEAK = YES;
				CLANG_WARN_BLOCK_CAPTURE_AUTORELEASING = YES;
				CLANG_WARN_BOOL_CONVERSION = YES;
				CLANG_WARN_COMMA = YES;
				CLANG_WARN_CONSTANT_CONVERSION = YES;
				CLANG_WARN_DEPRECATED_OBJC_IMPLEMENTATIONS = YES;
				CLANG_WARN_DIRECT_OBJC_ISA_USAGE = YES_ERROR;
				CLANG_WARN_DOCUMENTATION_COMMENTS = YES;
				CLANG_WARN_EMPTY_BODY = YES;
				CLANG_WARN_ENUM_CONVERSION = YES;
				CLANG_WARN_INFINITE_RECURSION = YES;
				CLANG_WARN_INT_CONVERSION = YES;
				CLANG_WARN_NON_LITERAL_NULL_CONVERSION = YES;
				CLANG_WARN_OBJC_IMPLICIT_RETAIN_SELF = YES;
				CLANG_WARN_OBJC_LITERAL_CONVERSION = YES;
				CLANG_WARN_OBJC_ROOT_CLASS = YES_ERROR;
				CLANG_WARN_QUOTED_INCLUDE_IN_FRAMEWORK_HEADER = YES;
				CLANG_WARN_RANGE_LOOP_ANALYSIS = YES;
				CLANG_WARN_STRICT_PROTOTYPES = YES;
				CLANG_WARN_SUSPICIOUS_MOVE = YES;
				CLANG_WARN_UNGUARDED_AVAILABILITY = YES_AGGRESSIVE;
				CLANG_WARN_UNREACHABLE_CODE = YES;
				CLANG_WARN__DUPLICATE_METHOD_MATCH = YES;
				COPY_PHASE_STRIP = NO;
				DEBUG_INFORMATION_FORMAT = dwarf;
				ENABLE_STRICT_OBJC_MSGSEND = YES;
				ENABLE_TESTABILITY = YES;
				GCC_C_LANGUAGE_STANDARD = gnu11;
				GCC_DYNAMIC_NO_PIC = NO;
				GCC_NO_COMMON_BLOCKS = YES;
				GCC_OPTIMIZATION_LEVEL = 0;
				GCC_PREPROCESSOR_DEFINITIONS = (
					"DEBUG=1",
					"$(inherited)",
				);
				GCC_WARN_64_TO_32_BIT_CONVERSION = YES;
				GCC_WARN_ABOUT_RETURN_TYPE = YES_ERROR;
				GCC_WARN_UNDECLARED_SELECTOR = YES;
				GCC_WARN_UNINITIALIZED_AUTOS = YES_AGGRESSIVE;
				GCC_WARN_UNUSED_FUNCTION = YES;
				GCC_WARN_UNUSED_VARIABLE = YES;
				IPHONEOS_DEPLOYMENT_TARGET = 14.5;
				MTL_ENABLE_DEBUG_INFO = INCLUDE_SOURCE;
				MTL_FAST_MATH = YES;
				ONLY_ACTIVE_ARCH = YES;
				SDKROOT = iphoneos;
				SWIFT_ACTIVE_COMPILATION_CONDITIONS = DEBUG;
				SWIFT_OPTIMIZATION_LEVEL = "-Onone";
			};
			name = Debug;
		};
		9493A790267F697300B3ECE5 /* Release */ = {
			isa = XCBuildConfiguration;
			buildSettings = {
				ALWAYS_SEARCH_USER_PATHS = NO;
				CLANG_ANALYZER_NONNULL = YES;
				CLANG_ANALYZER_NUMBER_OBJECT_CONVERSION = YES_AGGRESSIVE;
				CLANG_CXX_LANGUAGE_STANDARD = "gnu++14";
				CLANG_CXX_LIBRARY = "libc++";
				CLANG_ENABLE_MODULES = YES;
				CLANG_ENABLE_OBJC_ARC = YES;
				CLANG_ENABLE_OBJC_WEAK = YES;
				CLANG_WARN_BLOCK_CAPTURE_AUTORELEASING = YES;
				CLANG_WARN_BOOL_CONVERSION = YES;
				CLANG_WARN_COMMA = YES;
				CLANG_WARN_CONSTANT_CONVERSION = YES;
				CLANG_WARN_DEPRECATED_OBJC_IMPLEMENTATIONS = YES;
				CLANG_WARN_DIRECT_OBJC_ISA_USAGE = YES_ERROR;
				CLANG_WARN_DOCUMENTATION_COMMENTS = YES;
				CLANG_WARN_EMPTY_BODY = YES;
				CLANG_WARN_ENUM_CONVERSION = YES;
				CLANG_WARN_INFINITE_RECURSION = YES;
				CLANG_WARN_INT_CONVERSION = YES;
				CLANG_WARN_NON_LITERAL_NULL_CONVERSION = YES;
				CLANG_WARN_OBJC_IMPLICIT_RETAIN_SELF = YES;
				CLANG_WARN_OBJC_LITERAL_CONVERSION = YES;
				CLANG_WARN_OBJC_ROOT_CLASS = YES_ERROR;
				CLANG_WARN_QUOTED_INCLUDE_IN_FRAMEWORK_HEADER = YES;
				CLANG_WARN_RANGE_LOOP_ANALYSIS = YES;
				CLANG_WARN_STRICT_PROTOTYPES = YES;
				CLANG_WARN_SUSPICIOUS_MOVE = YES;
				CLANG_WARN_UNGUARDED_AVAILABILITY = YES_AGGRESSIVE;
				CLANG_WARN_UNREACHABLE_CODE = YES;
				CLANG_WARN__DUPLICATE_METHOD_MATCH = YES;
				COPY_PHASE_STRIP = NO;
				DEBUG_INFORMATION_FORMAT = "dwarf-with-dsym";
				ENABLE_NS_ASSERTIONS = NO;
				ENABLE_STRICT_OBJC_MSGSEND = YES;
				GCC_C_LANGUAGE_STANDARD = gnu11;
				GCC_NO_COMMON_BLOCKS = YES;
				GCC_WARN_64_TO_32_BIT_CONVERSION = YES;
				GCC_WARN_ABOUT_RETURN_TYPE = YES_ERROR;
				GCC_WARN_UNDECLARED_SELECTOR = YES;
				GCC_WARN_UNINITIALIZED_AUTOS = YES_AGGRESSIVE;
				GCC_WARN_UNUSED_FUNCTION = YES;
				GCC_WARN_UNUSED_VARIABLE = YES;
				IPHONEOS_DEPLOYMENT_TARGET = 14.5;
				MTL_ENABLE_DEBUG_INFO = NO;
				MTL_FAST_MATH = YES;
				SDKROOT = iphoneos;
				SWIFT_COMPILATION_MODE = wholemodule;
				SWIFT_OPTIMIZATION_LEVEL = "-O";
				VALIDATE_PRODUCT = YES;
			};
			name = Release;
		};
		9493A792267F697300B3ECE5 /* Debug */ = {
			isa = XCBuildConfiguration;
			buildSettings = {
				ASSETCATALOG_COMPILER_APPICON_NAME = AppIcon;
				ASSETCATALOG_COMPILER_GLOBAL_ACCENT_COLOR_NAME = AccentColor;
				CODE_SIGN_STYLE = Automatic;
				DEVELOPMENT_TEAM = DLMFN4KDDD;
				INFOPLIST_FILE = "BMI & BMR Calculator/Info.plist";
				LD_RUNPATH_SEARCH_PATHS = (
					"$(inherited)",
					"@executable_path/Frameworks",
				);
				PRODUCT_BUNDLE_IDENTIFIER = "com.kartalemreburuk.com.BMI---BMR-Calculator";
				PRODUCT_NAME = "$(TARGET_NAME)";
				SWIFT_VERSION = 5.0;
				TARGETED_DEVICE_FAMILY = "1,2";
			};
			name = Debug;
		};
		9493A793267F697300B3ECE5 /* Release */ = {
			isa = XCBuildConfiguration;
			buildSettings = {
				ASSETCATALOG_COMPILER_APPICON_NAME = AppIcon;
				ASSETCATALOG_COMPILER_GLOBAL_ACCENT_COLOR_NAME = AccentColor;
				CODE_SIGN_STYLE = Automatic;
				DEVELOPMENT_TEAM = DLMFN4KDDD;
				INFOPLIST_FILE = "BMI & BMR Calculator/Info.plist";
				LD_RUNPATH_SEARCH_PATHS = (
					"$(inherited)",
					"@executable_path/Frameworks",
				);
				PRODUCT_BUNDLE_IDENTIFIER = "com.kartalemreburuk.com.BMI---BMR-Calculator";
				PRODUCT_NAME = "$(TARGET_NAME)";
				SWIFT_VERSION = 5.0;
				TARGETED_DEVICE_FAMILY = "1,2";
			};
			name = Release;
		};
		9493A795267F697300B3ECE5 /* Debug */ = {
			isa = XCBuildConfiguration;
			buildSettings = {
				ALWAYS_EMBED_SWIFT_STANDARD_LIBRARIES = YES;
				BUNDLE_LOADER = "$(TEST_HOST)";
				CODE_SIGN_STYLE = Automatic;
				DEVELOPMENT_TEAM = DLMFN4KDDD;
				INFOPLIST_FILE = "BMI & BMR CalculatorTests/Info.plist";
				IPHONEOS_DEPLOYMENT_TARGET = 14.5;
				LD_RUNPATH_SEARCH_PATHS = (
					"$(inherited)",
					"@executable_path/Frameworks",
					"@loader_path/Frameworks",
				);
				PRODUCT_BUNDLE_IDENTIFIER = "com.kartalemreburuk.com.BMI---BMR-CalculatorTests";
				PRODUCT_NAME = "$(TARGET_NAME)";
				SWIFT_VERSION = 5.0;
				TARGETED_DEVICE_FAMILY = "1,2";
				TEST_HOST = "$(BUILT_PRODUCTS_DIR)/BMI & BMR Calculator.app/BMI & BMR Calculator";
			};
			name = Debug;
		};
		9493A796267F697300B3ECE5 /* Release */ = {
			isa = XCBuildConfiguration;
			buildSettings = {
				ALWAYS_EMBED_SWIFT_STANDARD_LIBRARIES = YES;
				BUNDLE_LOADER = "$(TEST_HOST)";
				CODE_SIGN_STYLE = Automatic;
				DEVELOPMENT_TEAM = DLMFN4KDDD;
				INFOPLIST_FILE = "BMI & BMR CalculatorTests/Info.plist";
				IPHONEOS_DEPLOYMENT_TARGET = 14.5;
				LD_RUNPATH_SEARCH_PATHS = (
					"$(inherited)",
					"@executable_path/Frameworks",
					"@loader_path/Frameworks",
				);
				PRODUCT_BUNDLE_IDENTIFIER = "com.kartalemreburuk.com.BMI---BMR-CalculatorTests";
				PRODUCT_NAME = "$(TARGET_NAME)";
				SWIFT_VERSION = 5.0;
				TARGETED_DEVICE_FAMILY = "1,2";
				TEST_HOST = "$(BUILT_PRODUCTS_DIR)/BMI & BMR Calculator.app/BMI & BMR Calculator";
			};
			name = Release;
		};
		9493A798267F697300B3ECE5 /* Debug */ = {
			isa = XCBuildConfiguration;
			buildSettings = {
				ALWAYS_EMBED_SWIFT_STANDARD_LIBRARIES = YES;
				CODE_SIGN_STYLE = Automatic;
				DEVELOPMENT_TEAM = DLMFN4KDDD;
				INFOPLIST_FILE = "BMI & BMR CalculatorUITests/Info.plist";
				LD_RUNPATH_SEARCH_PATHS = (
					"$(inherited)",
					"@executable_path/Frameworks",
					"@loader_path/Frameworks",
				);
				PRODUCT_BUNDLE_IDENTIFIER = "com.kartalemreburuk.com.BMI---BMR-CalculatorUITests";
				PRODUCT_NAME = "$(TARGET_NAME)";
				SWIFT_VERSION = 5.0;
				TARGETED_DEVICE_FAMILY = "1,2";
				TEST_TARGET_NAME = "BMI & BMR Calculator";
			};
			name = Debug;
		};
		9493A799267F697300B3ECE5 /* Release */ = {
			isa = XCBuildConfiguration;
			buildSettings = {
				ALWAYS_EMBED_SWIFT_STANDARD_LIBRARIES = YES;
				CODE_SIGN_STYLE = Automatic;
				DEVELOPMENT_TEAM = DLMFN4KDDD;
				INFOPLIST_FILE = "BMI & BMR CalculatorUITests/Info.plist";
				LD_RUNPATH_SEARCH_PATHS = (
					"$(inherited)",
					"@executable_path/Frameworks",
					"@loader_path/Frameworks",
				);
				PRODUCT_BUNDLE_IDENTIFIER = "com.kartalemreburuk.com.BMI---BMR-CalculatorUITests";
				PRODUCT_NAME = "$(TARGET_NAME)";
				SWIFT_VERSION = 5.0;
				TARGETED_DEVICE_FAMILY = "1,2";
				TEST_TARGET_NAME = "BMI & BMR Calculator";
			};
			name = Release;
		};
/* End XCBuildConfiguration section */

/* Begin XCConfigurationList section */
		9493A762267F697200B3ECE5 /* Build configuration list for PBXProject "BMI & BMR Calculator" */ = {
			isa = XCConfigurationList;
			buildConfigurations = (
				9493A78F267F697300B3ECE5 /* Debug */,
				9493A790267F697300B3ECE5 /* Release */,
			);
			defaultConfigurationIsVisible = 0;
			defaultConfigurationName = Release;
		};
		9493A791267F697300B3ECE5 /* Build configuration list for PBXNativeTarget "BMI & BMR Calculator" */ = {
			isa = XCConfigurationList;
			buildConfigurations = (
				9493A792267F697300B3ECE5 /* Debug */,
				9493A793267F697300B3ECE5 /* Release */,
			);
			defaultConfigurationIsVisible = 0;
			defaultConfigurationName = Release;
		};
		9493A794267F697300B3ECE5 /* Build configuration list for PBXNativeTarget "BMI & BMR CalculatorTests" */ = {
			isa = XCConfigurationList;
			buildConfigurations = (
				9493A795267F697300B3ECE5 /* Debug */,
				9493A796267F697300B3ECE5 /* Release */,
			);
			defaultConfigurationIsVisible = 0;
			defaultConfigurationName = Release;
		};
		9493A797267F697300B3ECE5 /* Build configuration list for PBXNativeTarget "BMI & BMR CalculatorUITests" */ = {
			isa = XCConfigurationList;
			buildConfigurations = (
				9493A798267F697300B3ECE5 /* Debug */,
				9493A799267F697300B3ECE5 /* Release */,
			);
			defaultConfigurationIsVisible = 0;
			defaultConfigurationName = Release;
		};
/* End XCConfigurationList section */
	};
	rootObject = 9493A75F267F697200B3ECE5 /* Project object */;
}
